
Microsoft Visual Studio Solution File, Format Version 11.00
# Visual Studio 2010
Project("{FAE04EC0-301F-11D3-BF4B-00C04F79EFBC}") = "Tetris", "Tetris\Tetris.csproj", "{EA882287-CFF5-4E38-A221-267730D2CE3C}"
EndProject
Project("{FAE04EC0-301F-11D3-BF4B-00C04F79EFBC}") = "Tetris.Tests", "..\TestCode\Tetris.Tests\Tetris.Tests.csproj", "{F03B8EE8-52FB-4922-B77F-71A3FBAE57E0}"
EndProject
Global
	GlobalSection(SolutionConfigurationPlatforms) = preSolution
		Debug|Any CPU = Debug|Any CPU
		Debug|Mixed Platforms = Debug|Mixed Platforms
		Debug|x86 = Debug|x86
		Release|Any CPU = Release|Any CPU
		Release|Mixed Platforms = Release|Mixed Platforms
		Release|x86 = Release|x86
	EndGlobalSection
	GlobalSection(ProjectConfigurationPlatforms) = postSolution
		{EA882287-CFF5-4E38-A221-267730D2CE3C}.Debug|Any CPU.ActiveCfg = Debug|x86
		{EA882287-CFF5-4E38-A221-267730D2CE3C}.Debug|Mixed Platforms.ActiveCfg = Debug|x86
		{EA882287-CFF5-4E38-A221-267730D2CE3C}.Debug|Mixed Platforms.Build.0 = Debug|x86
		{EA882287-CFF5-4E38-A221-267730D2CE3C}.Debug|x86.ActiveCfg = Debug|x86
		{EA882287-CFF5-4E38-A221-267730D2CE3C}.Debug|x86.Build.0 = Debug|x86
		{EA882287-CFF5-4E38-A221-267730D2CE3C}.Release|Any CPU.ActiveCfg = Release|x86
		{EA882287-CFF5-4E38-A221-267730D2CE3C}.Release|Mixed Platforms.ActiveCfg = Release|x86
		{EA882287-CFF5-4E38-A221-267730D2CE3C}.Release|Mixed Platforms.Build.0 = Release|x86
		{EA882287-CFF5-4E38-A221-267730D2CE3C}.Release|x86.ActiveCfg = Release|x86
		{EA882287-CFF5-4E38-A221-267730D2CE3C}.Release|x86.Build.0 = Release|x86
		{F03B8EE8-52FB-4922-B77F-71A3FBAE57E0}.Debug|Any CPU.ActiveCfg = Debug|Any CPU
		{F03B8EE8-52FB-4922-B77F-71A3FBAE57E0}.Debug|Any CPU.Build.0 = Debug|Any CPU
		{F03B8EE8-52FB-4922-B77F-71A3FBAE57E0}.Debug|Mixed Platforms.ActiveCfg = Debug|Any CPU
		{F03B8EE8-52FB-4922-B77F-71A3FBAE57E0}.Debug|Mixed Platforms.Build.0 = Debug|Any CPU
		{F03B8EE8-52FB-4922-B77F-71A3FBAE57E0}.Debug|x86.ActiveCfg = Debug|Any CPU
		{F03B8EE8-52FB-4922-B77F-71A3FBAE57E0}.Release|Any CPU.ActiveCfg = Release|Any CPU
		{F03B8EE8-52FB-4922-B77F-71A3FBAE57E0}.Release|Any CPU.Build.0 = Release|Any CPU
		{F03B8EE8-52FB-4922-B77F-71A3FBAE57E0}.Release|Mixed Platforms.ActiveCfg = Release|Any CPU
		{F03B8EE8-52FB-4922-B77F-71A3FBAE57E0}.Release|Mixed Platforms.Build.0 = Release|Any CPU
		{F03B8EE8-52FB-4922-B77F-71A3FBAE57E0}.Release|x86.ActiveCfg = Release|Any CPU
	EndGlobalSection
	GlobalSection(SolutionProperties) = preSolution
		HideSolutionNode = FALSE
	EndGlobalSection
EndGlobal
